// !$*UTF8*$!
{
	archiveVersion = 1;
	classes = {
	};
	objectVersion = 48;
	objects = {

/* Begin PBXBuildFile section */
		A22431FA1F80376E00C602D5 /* Repository.swift in Sources */ = {isa = PBXBuildFile; fileRef = A22431F91F80376E00C602D5 /* Repository.swift */; };
		A22431FC1F80381000C602D5 /* WorkoutRepositoryTest.swift in Sources */ = {isa = PBXBuildFile; fileRef = A22431FB1F80381000C602D5 /* WorkoutRepositoryTest.swift */; };
		A22431FE1F803B5600C602D5 /* ListController.swift in Sources */ = {isa = PBXBuildFile; fileRef = A22431FD1F803B5600C602D5 /* ListController.swift */; };
		A22432011F803E2A00C602D5 /* ListCell.swift in Sources */ = {isa = PBXBuildFile; fileRef = A22432001F803E2A00C602D5 /* ListCell.swift */; };
		A22A9D961E3563D600A72AAF /* WorkoutTableRowController.swift in Sources */ = {isa = PBXBuildFile; fileRef = A22A9D951E3563D600A72AAF /* WorkoutTableRowController.swift */; };
		A22A9D981E35681700A72AAF /* RowControllers.swift in Sources */ = {isa = PBXBuildFile; fileRef = A22A9D971E35681700A72AAF /* RowControllers.swift */; };
		A22A9D9A1E356D7C00A72AAF /* SegmentController.swift in Sources */ = {isa = PBXBuildFile; fileRef = A22A9D991E356D7C00A72AAF /* SegmentController.swift */; };
		A22A9D9F1E35BAA400A72AAF /* SegmentDetailController.swift in Sources */ = {isa = PBXBuildFile; fileRef = A22A9D9E1E35BAA400A72AAF /* SegmentDetailController.swift */; };
		A22E12071F93A80B00000747 /* CreateController.swift in Sources */ = {isa = PBXBuildFile; fileRef = A22E12061F93A80B00000747 /* CreateController.swift */; };
		A269BDDF1F780897007B9AA9 /* CloudKit.framework in Frameworks */ = {isa = PBXBuildFile; fileRef = A269BDDE1F780897007B9AA9 /* CloudKit.framework */; };
		A269BDE31F7808F3007B9AA9 /* CloudKit.framework in Frameworks */ = {isa = PBXBuildFile; fileRef = A269BDE21F7808F3007B9AA9 /* CloudKit.framework */; };
		A27494701F93CADD002BFF21 /* ListRepository.swift in Sources */ = {isa = PBXBuildFile; fileRef = A274946F1F93CADD002BFF21 /* ListRepository.swift */; };
		A2886BD51F781CB3009E8BA0 /* WorkoutRepository.swift in Sources */ = {isa = PBXBuildFile; fileRef = A2886BD41F781CB3009E8BA0 /* WorkoutRepository.swift */; };
		A2965A9E1F81376000FE574E /* ShowController.swift in Sources */ = {isa = PBXBuildFile; fileRef = A2965A9D1F81376000FE574E /* ShowController.swift */; };
		A2965AA01F897F3500FE574E /* SegmentCell.swift in Sources */ = {isa = PBXBuildFile; fileRef = A2965A9F1F897F3500FE574E /* SegmentCell.swift */; };
		A2A39FA01E353964001D3BA4 /* AppDelegate.swift in Sources */ = {isa = PBXBuildFile; fileRef = A2A39F9F1E353964001D3BA4 /* AppDelegate.swift */; };
		A2A39FA21E353964001D3BA4 /* ViewController.swift in Sources */ = {isa = PBXBuildFile; fileRef = A2A39FA11E353964001D3BA4 /* ViewController.swift */; };
		A2A39FA51E353964001D3BA4 /* Main.storyboard in Resources */ = {isa = PBXBuildFile; fileRef = A2A39FA31E353964001D3BA4 /* Main.storyboard */; };
		A2A39FA71E353964001D3BA4 /* Assets.xcassets in Resources */ = {isa = PBXBuildFile; fileRef = A2A39FA61E353964001D3BA4 /* Assets.xcassets */; };
		A2A39FAA1E353964001D3BA4 /* LaunchScreen.storyboard in Resources */ = {isa = PBXBuildFile; fileRef = A2A39FA81E353964001D3BA4 /* LaunchScreen.storyboard */; };
		A2A39FC51E353964001D3BA4 /* SwimWorkouts WatchKit App.app in Embed Watch Content */ = {isa = PBXBuildFile; fileRef = A2A39FC41E353964001D3BA4 /* SwimWorkouts WatchKit App.app */; };
		A2A39FCB1E353964001D3BA4 /* Interface.storyboard in Resources */ = {isa = PBXBuildFile; fileRef = A2A39FC91E353964001D3BA4 /* Interface.storyboard */; };
		A2A39FCD1E353964001D3BA4 /* Assets.xcassets in Resources */ = {isa = PBXBuildFile; fileRef = A2A39FCC1E353964001D3BA4 /* Assets.xcassets */; };
		A2A39FD41E353964001D3BA4 /* SwimWorkouts WatchKit Extension.appex in Embed App Extensions */ = {isa = PBXBuildFile; fileRef = A2A39FD31E353964001D3BA4 /* SwimWorkouts WatchKit Extension.appex */; settings = {ATTRIBUTES = (RemoveHeadersOnCopy, ); }; };
		A2A39FD91E353964001D3BA4 /* WorkoutController.swift in Sources */ = {isa = PBXBuildFile; fileRef = A2A39FD81E353964001D3BA4 /* WorkoutController.swift */; };
		A2A39FDB1E353964001D3BA4 /* ExtensionDelegate.swift in Sources */ = {isa = PBXBuildFile; fileRef = A2A39FDA1E353964001D3BA4 /* ExtensionDelegate.swift */; };
		A2A39FDD1E353964001D3BA4 /* Assets.xcassets in Resources */ = {isa = PBXBuildFile; fileRef = A2A39FDC1E353964001D3BA4 /* Assets.xcassets */; };
		A2A39FF31E354BE7001D3BA4 /* Workout.swift in Sources */ = {isa = PBXBuildFile; fileRef = A2A39FF21E354BE7001D3BA4 /* Workout.swift */; };
		A2ABDE991F59FE0B0006349D /* Data.swift in Sources */ = {isa = PBXBuildFile; fileRef = A2ABDE981F59FE0B0006349D /* Data.swift */; };
		A2ABDE9B1F5A00120006349D /* BuiltInWorkouts.swift in Sources */ = {isa = PBXBuildFile; fileRef = A2ABDE9A1F5A00120006349D /* BuiltInWorkouts.swift */; };
		A2ABDE9F1F5C73710006349D /* ShowWorkoutsControllerInterfaceController.swift in Sources */ = {isa = PBXBuildFile; fileRef = A2ABDE9E1F5C73710006349D /* ShowWorkoutsControllerInterfaceController.swift */; };
/* End PBXBuildFile section */

/* Begin PBXContainerItemProxy section */
		A2A39FB11E353964001D3BA4 /* PBXContainerItemProxy */ = {
			isa = PBXContainerItemProxy;
			containerPortal = A2A39F941E353963001D3BA4 /* Project object */;
			proxyType = 1;
			remoteGlobalIDString = A2A39F9B1E353963001D3BA4;
			remoteInfo = SwimWorkouts;
		};
		A2A39FC61E353964001D3BA4 /* PBXContainerItemProxy */ = {
			isa = PBXContainerItemProxy;
			containerPortal = A2A39F941E353963001D3BA4 /* Project object */;
			proxyType = 1;
			remoteGlobalIDString = A2A39FC31E353964001D3BA4;
			remoteInfo = "SwimWorkouts WatchKit App";
		};
		A2A39FD51E353964001D3BA4 /* PBXContainerItemProxy */ = {
			isa = PBXContainerItemProxy;
			containerPortal = A2A39F941E353963001D3BA4 /* Project object */;
			proxyType = 1;
			remoteGlobalIDString = A2A39FD21E353964001D3BA4;
			remoteInfo = "SwimWorkouts WatchKit Extension";
		};
/* End PBXContainerItemProxy section */

/* Begin PBXCopyFilesBuildPhase section */
		A2A39FE41E353964001D3BA4 /* Embed App Extensions */ = {
			isa = PBXCopyFilesBuildPhase;
			buildActionMask = 2147483647;
			dstPath = "";
			dstSubfolderSpec = 13;
			files = (
				A2A39FD41E353964001D3BA4 /* SwimWorkouts WatchKit Extension.appex in Embed App Extensions */,
			);
			name = "Embed App Extensions";
			runOnlyForDeploymentPostprocessing = 0;
		};
		A2A39FE81E353964001D3BA4 /* Embed Watch Content */ = {
			isa = PBXCopyFilesBuildPhase;
			buildActionMask = 2147483647;
			dstPath = "$(CONTENTS_FOLDER_PATH)/Watch";
			dstSubfolderSpec = 16;
			files = (
				A2A39FC51E353964001D3BA4 /* SwimWorkouts WatchKit App.app in Embed Watch Content */,
			);
			name = "Embed Watch Content";
			runOnlyForDeploymentPostprocessing = 0;
		};
/* End PBXCopyFilesBuildPhase section */

/* Begin PBXFileReference section */
		A22431F91F80376E00C602D5 /* Repository.swift */ = {isa = PBXFileReference; lastKnownFileType = sourcecode.swift; path = Repository.swift; sourceTree = "<group>"; };
		A22431FB1F80381000C602D5 /* WorkoutRepositoryTest.swift */ = {isa = PBXFileReference; lastKnownFileType = sourcecode.swift; path = WorkoutRepositoryTest.swift; sourceTree = "<group>"; };
		A22431FD1F803B5600C602D5 /* ListController.swift */ = {isa = PBXFileReference; lastKnownFileType = sourcecode.swift; path = ListController.swift; sourceTree = "<group>"; };
		A22432001F803E2A00C602D5 /* ListCell.swift */ = {isa = PBXFileReference; lastKnownFileType = sourcecode.swift; path = ListCell.swift; sourceTree = "<group>"; };
		A22A9D951E3563D600A72AAF /* WorkoutTableRowController.swift */ = {isa = PBXFileReference; fileEncoding = 4; lastKnownFileType = sourcecode.swift; path = WorkoutTableRowController.swift; sourceTree = "<group>"; };
		A22A9D971E35681700A72AAF /* RowControllers.swift */ = {isa = PBXFileReference; fileEncoding = 4; lastKnownFileType = sourcecode.swift; path = RowControllers.swift; sourceTree = "<group>"; };
		A22A9D991E356D7C00A72AAF /* SegmentController.swift */ = {isa = PBXFileReference; fileEncoding = 4; lastKnownFileType = sourcecode.swift; path = SegmentController.swift; sourceTree = "<group>"; };
		A22A9D9E1E35BAA400A72AAF /* SegmentDetailController.swift */ = {isa = PBXFileReference; fileEncoding = 4; lastKnownFileType = sourcecode.swift; path = SegmentDetailController.swift; sourceTree = "<group>"; };
		A22E12061F93A80B00000747 /* CreateController.swift */ = {isa = PBXFileReference; lastKnownFileType = sourcecode.swift; path = CreateController.swift; sourceTree = "<group>"; };
		A269BDDC1F78088E007B9AA9 /* SwimWorkouts.entitlements */ = {isa = PBXFileReference; lastKnownFileType = text.plist.entitlements; path = SwimWorkouts.entitlements; sourceTree = "<group>"; };
		A269BDDE1F780897007B9AA9 /* CloudKit.framework */ = {isa = PBXFileReference; lastKnownFileType = wrapper.framework; name = CloudKit.framework; path = System/Library/Frameworks/CloudKit.framework; sourceTree = SDKROOT; };
		A269BDE01F7808B9007B9AA9 /* SwimWorkouts WatchKit App.entitlements */ = {isa = PBXFileReference; lastKnownFileType = text.plist.entitlements; path = "SwimWorkouts WatchKit App.entitlements"; sourceTree = "<group>"; };
		A269BDE11F7808F1007B9AA9 /* SwimWorkouts WatchKit Extension.entitlements */ = {isa = PBXFileReference; lastKnownFileType = text.plist.entitlements; path = "SwimWorkouts WatchKit Extension.entitlements"; sourceTree = "<group>"; };
		A269BDE21F7808F3007B9AA9 /* CloudKit.framework */ = {isa = PBXFileReference; lastKnownFileType = wrapper.framework; name = CloudKit.framework; path = Platforms/WatchOS.platform/Developer/SDKs/WatchOS4.0.sdk/System/Library/Frameworks/CloudKit.framework; sourceTree = DEVELOPER_DIR; };
		A274946F1F93CADD002BFF21 /* ListRepository.swift */ = {isa = PBXFileReference; lastKnownFileType = sourcecode.swift; path = ListRepository.swift; sourceTree = "<group>"; };
		A2886BD41F781CB3009E8BA0 /* WorkoutRepository.swift */ = {isa = PBXFileReference; lastKnownFileType = sourcecode.swift; path = WorkoutRepository.swift; sourceTree = "<group>"; };
		A2965A9D1F81376000FE574E /* ShowController.swift */ = {isa = PBXFileReference; lastKnownFileType = sourcecode.swift; path = ShowController.swift; sourceTree = "<group>"; };
		A2965A9F1F897F3500FE574E /* SegmentCell.swift */ = {isa = PBXFileReference; lastKnownFileType = sourcecode.swift; path = SegmentCell.swift; sourceTree = "<group>"; };
		A2A39F9C1E353964001D3BA4 /* SwimWorkouts.app */ = {isa = PBXFileReference; explicitFileType = wrapper.application; includeInIndex = 0; path = SwimWorkouts.app; sourceTree = BUILT_PRODUCTS_DIR; };
		A2A39F9F1E353964001D3BA4 /* AppDelegate.swift */ = {isa = PBXFileReference; lastKnownFileType = sourcecode.swift; path = AppDelegate.swift; sourceTree = "<group>"; };
		A2A39FA11E353964001D3BA4 /* ViewController.swift */ = {isa = PBXFileReference; lastKnownFileType = sourcecode.swift; path = ViewController.swift; sourceTree = "<group>"; };
		A2A39FA41E353964001D3BA4 /* Base */ = {isa = PBXFileReference; lastKnownFileType = file.storyboard; name = Base; path = Base.lproj/Main.storyboard; sourceTree = "<group>"; };
		A2A39FA61E353964001D3BA4 /* Assets.xcassets */ = {isa = PBXFileReference; lastKnownFileType = folder.assetcatalog; path = Assets.xcassets; sourceTree = "<group>"; };
		A2A39FA91E353964001D3BA4 /* Base */ = {isa = PBXFileReference; lastKnownFileType = file.storyboard; name = Base; path = Base.lproj/LaunchScreen.storyboard; sourceTree = "<group>"; };
		A2A39FAB1E353964001D3BA4 /* Info.plist */ = {isa = PBXFileReference; lastKnownFileType = text.plist.xml; path = Info.plist; sourceTree = "<group>"; };
		A2A39FB01E353964001D3BA4 /* SwimWorkoutsTests.xctest */ = {isa = PBXFileReference; explicitFileType = wrapper.cfbundle; includeInIndex = 0; path = SwimWorkoutsTests.xctest; sourceTree = BUILT_PRODUCTS_DIR; };
		A2A39FB61E353964001D3BA4 /* Info.plist */ = {isa = PBXFileReference; lastKnownFileType = text.plist.xml; path = Info.plist; sourceTree = "<group>"; };
		A2A39FC41E353964001D3BA4 /* SwimWorkouts WatchKit App.app */ = {isa = PBXFileReference; explicitFileType = wrapper.application; includeInIndex = 0; path = "SwimWorkouts WatchKit App.app"; sourceTree = BUILT_PRODUCTS_DIR; };
		A2A39FCA1E353964001D3BA4 /* Base */ = {isa = PBXFileReference; lastKnownFileType = file.storyboard; name = Base; path = Base.lproj/Interface.storyboard; sourceTree = "<group>"; };
		A2A39FCC1E353964001D3BA4 /* Assets.xcassets */ = {isa = PBXFileReference; lastKnownFileType = folder.assetcatalog; path = Assets.xcassets; sourceTree = "<group>"; };
		A2A39FCE1E353964001D3BA4 /* Info.plist */ = {isa = PBXFileReference; lastKnownFileType = text.plist.xml; path = Info.plist; sourceTree = "<group>"; };
		A2A39FD31E353964001D3BA4 /* SwimWorkouts WatchKit Extension.appex */ = {isa = PBXFileReference; explicitFileType = "wrapper.app-extension"; includeInIndex = 0; path = "SwimWorkouts WatchKit Extension.appex"; sourceTree = BUILT_PRODUCTS_DIR; };
		A2A39FD81E353964001D3BA4 /* WorkoutController.swift */ = {isa = PBXFileReference; lastKnownFileType = sourcecode.swift; path = WorkoutController.swift; sourceTree = "<group>"; };
		A2A39FDA1E353964001D3BA4 /* ExtensionDelegate.swift */ = {isa = PBXFileReference; lastKnownFileType = sourcecode.swift; path = ExtensionDelegate.swift; sourceTree = "<group>"; };
		A2A39FDC1E353964001D3BA4 /* Assets.xcassets */ = {isa = PBXFileReference; lastKnownFileType = folder.assetcatalog; path = Assets.xcassets; sourceTree = "<group>"; };
		A2A39FDE1E353964001D3BA4 /* Info.plist */ = {isa = PBXFileReference; lastKnownFileType = text.plist.xml; path = Info.plist; sourceTree = "<group>"; };
		A2A39FF21E354BE7001D3BA4 /* Workout.swift */ = {isa = PBXFileReference; fileEncoding = 4; lastKnownFileType = sourcecode.swift; path = Workout.swift; sourceTree = "<group>"; };
		A2ABDE981F59FE0B0006349D /* Data.swift */ = {isa = PBXFileReference; lastKnownFileType = sourcecode.swift; path = Data.swift; sourceTree = "<group>"; };
		A2ABDE9A1F5A00120006349D /* BuiltInWorkouts.swift */ = {isa = PBXFileReference; lastKnownFileType = sourcecode.swift; path = BuiltInWorkouts.swift; sourceTree = "<group>"; };
		A2ABDE9E1F5C73710006349D /* ShowWorkoutsControllerInterfaceController.swift */ = {isa = PBXFileReference; lastKnownFileType = sourcecode.swift; path = ShowWorkoutsControllerInterfaceController.swift; sourceTree = "<group>"; };
/* End PBXFileReference section */

/* Begin PBXFrameworksBuildPhase section */
		A2A39F991E353963001D3BA4 /* Frameworks */ = {
			isa = PBXFrameworksBuildPhase;
			buildActionMask = 2147483647;
			files = (
				A269BDDF1F780897007B9AA9 /* CloudKit.framework in Frameworks */,
			);
			runOnlyForDeploymentPostprocessing = 0;
		};
		A2A39FAD1E353964001D3BA4 /* Frameworks */ = {
			isa = PBXFrameworksBuildPhase;
			buildActionMask = 2147483647;
			files = (
			);
			runOnlyForDeploymentPostprocessing = 0;
		};
		A2A39FD01E353964001D3BA4 /* Frameworks */ = {
			isa = PBXFrameworksBuildPhase;
			buildActionMask = 2147483647;
			files = (
				A269BDE31F7808F3007B9AA9 /* CloudKit.framework in Frameworks */,
			);
			runOnlyForDeploymentPostprocessing = 0;
		};
/* End PBXFrameworksBuildPhase section */

/* Begin PBXGroup section */
		A22431FF1F803DDE00C602D5 /* List */ = {
			isa = PBXGroup;
			children = (
				A2ABDE9A1F5A00120006349D /* BuiltInWorkouts.swift */,
				A22431F91F80376E00C602D5 /* Repository.swift */,
				A22431FD1F803B5600C602D5 /* ListController.swift */,
				A22432001F803E2A00C602D5 /* ListCell.swift */,
			);
			path = List;
			sourceTree = "<group>";
		};
		A22A9D9B1E356EBE00A72AAF /* Workout */ = {
			isa = PBXGroup;
			children = (
				A22A9D951E3563D600A72AAF /* WorkoutTableRowController.swift */,
				A2A39FD81E353964001D3BA4 /* WorkoutController.swift */,
			);
			name = Workout;
			sourceTree = "<group>";
		};
		A22A9D9C1E356EC900A72AAF /* Segment */ = {
			isa = PBXGroup;
			children = (
				A22A9D971E35681700A72AAF /* RowControllers.swift */,
				A22A9D991E356D7C00A72AAF /* SegmentController.swift */,
			);
			name = Segment;
			sourceTree = "<group>";
		};
		A22A9D9D1E35BA7D00A72AAF /* SegmentDetail */ = {
			isa = PBXGroup;
			children = (
				A22A9D9E1E35BAA400A72AAF /* SegmentDetailController.swift */,
			);
			name = SegmentDetail;
			sourceTree = "<group>";
		};
		A22E12051F93A7FA00000747 /* Create */ = {
			isa = PBXGroup;
			children = (
				A22E12061F93A80B00000747 /* CreateController.swift */,
			);
			path = Create;
			sourceTree = "<group>";
		};
		A269BDDD1F780897007B9AA9 /* Frameworks */ = {
			isa = PBXGroup;
			children = (
				A269BDE21F7808F3007B9AA9 /* CloudKit.framework */,
				A269BDDE1F780897007B9AA9 /* CloudKit.framework */,
			);
			name = Frameworks;
			sourceTree = "<group>";
		};
		A274946E1F93CAC9002BFF21 /* DB */ = {
			isa = PBXGroup;
			children = (
				A274946F1F93CADD002BFF21 /* ListRepository.swift */,
			);
			path = DB;
			sourceTree = "<group>";
		};
		A2965A9C1F8136F900FE574E /* Show */ = {
			isa = PBXGroup;
			children = (
				A2965A9D1F81376000FE574E /* ShowController.swift */,
				A2965A9F1F897F3500FE574E /* SegmentCell.swift */,
			);
			path = Show;
			sourceTree = "<group>";
		};
		A2A39F931E353963001D3BA4 = {
			isa = PBXGroup;
			children = (
				A2A39F9E1E353964001D3BA4 /* SwimWorkouts */,
				A2A39FB31E353964001D3BA4 /* SwimWorkoutsTests */,
				A2A39FC81E353964001D3BA4 /* SwimWorkouts WatchKit App */,
				A2A39FD71E353964001D3BA4 /* SwimWorkouts WatchKit Extension */,
				A2A39F9D1E353964001D3BA4 /* Products */,
				A269BDDD1F780897007B9AA9 /* Frameworks */,
			);
			sourceTree = "<group>";
		};
		A2A39F9D1E353964001D3BA4 /* Products */ = {
			isa = PBXGroup;
			children = (
				A2A39F9C1E353964001D3BA4 /* SwimWorkouts.app */,
				A2A39FB01E353964001D3BA4 /* SwimWorkoutsTests.xctest */,
				A2A39FC41E353964001D3BA4 /* SwimWorkouts WatchKit App.app */,
				A2A39FD31E353964001D3BA4 /* SwimWorkouts WatchKit Extension.appex */,
			);
			name = Products;
			sourceTree = "<group>";
		};
		A2A39F9E1E353964001D3BA4 /* SwimWorkouts */ = {
			isa = PBXGroup;
			children = (
				A274946E1F93CAC9002BFF21 /* DB */,
				A22E12051F93A7FA00000747 /* Create */,
				A22431FF1F803DDE00C602D5 /* List */,
				A2965A9C1F8136F900FE574E /* Show */,
				A269BDDC1F78088E007B9AA9 /* SwimWorkouts.entitlements */,
				A2A39F9F1E353964001D3BA4 /* AppDelegate.swift */,
				A2A39FA11E353964001D3BA4 /* ViewController.swift */,
				A2A39FA31E353964001D3BA4 /* Main.storyboard */,
				A2A39FA61E353964001D3BA4 /* Assets.xcassets */,
				A2A39FA81E353964001D3BA4 /* LaunchScreen.storyboard */,
				A2A39FAB1E353964001D3BA4 /* Info.plist */,
				A2ABDE981F59FE0B0006349D /* Data.swift */,
			);
			path = SwimWorkouts;
			sourceTree = "<group>";
		};
		A2A39FB31E353964001D3BA4 /* SwimWorkoutsTests */ = {
			isa = PBXGroup;
			children = (
				A2A39FB61E353964001D3BA4 /* Info.plist */,
				A22431FB1F80381000C602D5 /* WorkoutRepositoryTest.swift */,
			);
			path = SwimWorkoutsTests;
			sourceTree = "<group>";
		};
		A2A39FC81E353964001D3BA4 /* SwimWorkouts WatchKit App */ = {
			isa = PBXGroup;
			children = (
				A269BDE01F7808B9007B9AA9 /* SwimWorkouts WatchKit App.entitlements */,
				A2A39FC91E353964001D3BA4 /* Interface.storyboard */,
				A2A39FCC1E353964001D3BA4 /* Assets.xcassets */,
				A2A39FCE1E353964001D3BA4 /* Info.plist */,
			);
			path = "SwimWorkouts WatchKit App";
			sourceTree = "<group>";
		};
		A2A39FD71E353964001D3BA4 /* SwimWorkouts WatchKit Extension */ = {
			isa = PBXGroup;
			children = (
				A269BDE11F7808F1007B9AA9 /* SwimWorkouts WatchKit Extension.entitlements */,
				A22A9D9D1E35BA7D00A72AAF /* SegmentDetail */,
				A22A9D9C1E356EC900A72AAF /* Segment */,
				A22A9D9B1E356EBE00A72AAF /* Workout */,
				A2A39FDA1E353964001D3BA4 /* ExtensionDelegate.swift */,
				A2A39FDC1E353964001D3BA4 /* Assets.xcassets */,
				A2A39FDE1E353964001D3BA4 /* Info.plist */,
				A2A39FF21E354BE7001D3BA4 /* Workout.swift */,
				A2ABDE9E1F5C73710006349D /* ShowWorkoutsControllerInterfaceController.swift */,
				A2886BD41F781CB3009E8BA0 /* WorkoutRepository.swift */,
			);
			path = "SwimWorkouts WatchKit Extension";
			sourceTree = "<group>";
		};
/* End PBXGroup section */

/* Begin PBXNativeTarget section */
		A2A39F9B1E353963001D3BA4 /* SwimWorkouts */ = {
			isa = PBXNativeTarget;
			buildConfigurationList = A2A39FE91E353964001D3BA4 /* Build configuration list for PBXNativeTarget "SwimWorkouts" */;
			buildPhases = (
				A2A39F981E353963001D3BA4 /* Sources */,
				A2A39F991E353963001D3BA4 /* Frameworks */,
				A2A39F9A1E353963001D3BA4 /* Resources */,
				A2A39FE81E353964001D3BA4 /* Embed Watch Content */,
			);
			buildRules = (
			);
			dependencies = (
				A2A39FC71E353964001D3BA4 /* PBXTargetDependency */,
			);
			name = SwimWorkouts;
			productName = SwimWorkouts;
			productReference = A2A39F9C1E353964001D3BA4 /* SwimWorkouts.app */;
			productType = "com.apple.product-type.application";
		};
		A2A39FAF1E353964001D3BA4 /* SwimWorkoutsTests */ = {
			isa = PBXNativeTarget;
			buildConfigurationList = A2A39FEC1E353964001D3BA4 /* Build configuration list for PBXNativeTarget "SwimWorkoutsTests" */;
			buildPhases = (
				A2A39FAC1E353964001D3BA4 /* Sources */,
				A2A39FAD1E353964001D3BA4 /* Frameworks */,
				A2A39FAE1E353964001D3BA4 /* Resources */,
			);
			buildRules = (
			);
			dependencies = (
				A2A39FB21E353964001D3BA4 /* PBXTargetDependency */,
			);
			name = SwimWorkoutsTests;
			productName = SwimWorkoutsTests;
			productReference = A2A39FB01E353964001D3BA4 /* SwimWorkoutsTests.xctest */;
			productType = "com.apple.product-type.bundle.unit-test";
		};
		A2A39FC31E353964001D3BA4 /* SwimWorkouts WatchKit App */ = {
			isa = PBXNativeTarget;
			buildConfigurationList = A2A39FE51E353964001D3BA4 /* Build configuration list for PBXNativeTarget "SwimWorkouts WatchKit App" */;
			buildPhases = (
				A2A39FC21E353964001D3BA4 /* Resources */,
				A2A39FE41E353964001D3BA4 /* Embed App Extensions */,
			);
			buildRules = (
			);
			dependencies = (
				A2A39FD61E353964001D3BA4 /* PBXTargetDependency */,
			);
			name = "SwimWorkouts WatchKit App";
			productName = "SwimWorkouts WatchKit App";
			productReference = A2A39FC41E353964001D3BA4 /* SwimWorkouts WatchKit App.app */;
			productType = "com.apple.product-type.application.watchapp2";
		};
		A2A39FD21E353964001D3BA4 /* SwimWorkouts WatchKit Extension */ = {
			isa = PBXNativeTarget;
			buildConfigurationList = A2A39FE11E353964001D3BA4 /* Build configuration list for PBXNativeTarget "SwimWorkouts WatchKit Extension" */;
			buildPhases = (
				A2A39FCF1E353964001D3BA4 /* Sources */,
				A2A39FD01E353964001D3BA4 /* Frameworks */,
				A2A39FD11E353964001D3BA4 /* Resources */,
			);
			buildRules = (
			);
			dependencies = (
			);
			name = "SwimWorkouts WatchKit Extension";
			productName = "SwimWorkouts WatchKit Extension";
			productReference = A2A39FD31E353964001D3BA4 /* SwimWorkouts WatchKit Extension.appex */;
			productType = "com.apple.product-type.watchkit2-extension";
		};
/* End PBXNativeTarget section */

/* Begin PBXProject section */
		A2A39F941E353963001D3BA4 /* Project object */ = {
			isa = PBXProject;
			attributes = {
				LastSwiftUpdateCheck = 0900;
				LastUpgradeCheck = 0900;
				ORGANIZATIONNAME = "Brad Moore";
				TargetAttributes = {
					A2A39F9B1E353963001D3BA4 = {
						CreatedOnToolsVersion = 8.2.1;
						DevelopmentTeam = 79KQTL9372;
						LastSwiftMigration = 0900;
						ProvisioningStyle = Automatic;
						SystemCapabilities = {
							com.apple.Push = {
								enabled = 0;
							};
							com.apple.iCloud = {
								enabled = 1;
							};
						};
					};
					A2A39FAF1E353964001D3BA4 = {
						CreatedOnToolsVersion = 8.2.1;
						DevelopmentTeam = 79KQTL9372;
						ProvisioningStyle = Automatic;
						TestTargetID = A2A39F9B1E353963001D3BA4;
					};
					A2A39FC31E353964001D3BA4 = {
						CreatedOnToolsVersion = 8.2.1;
						DevelopmentTeam = 79KQTL9372;
						LastSwiftMigration = 0900;
						ProvisioningStyle = Automatic;
						SystemCapabilities = {
							com.apple.ApplicationGroups.iOS = {
								enabled = 1;
							};
						};
					};
					A2A39FD21E353964001D3BA4 = {
						CreatedOnToolsVersion = 8.2.1;
						LastSwiftMigration = 0900;
						ProvisioningStyle = Automatic;
						SystemCapabilities = {
							com.apple.Push = {
								enabled = 1;
							};
							com.apple.iCloud = {
								enabled = 1;
							};
						};
					};
				};
			};
			buildConfigurationList = A2A39F971E353963001D3BA4 /* Build configuration list for PBXProject "SwimWorkouts" */;
			compatibilityVersion = "Xcode 8.0";
			developmentRegion = English;
			hasScannedForEncodings = 0;
			knownRegions = (
				en,
				Base,
			);
			mainGroup = A2A39F931E353963001D3BA4;
			productRefGroup = A2A39F9D1E353964001D3BA4 /* Products */;
			projectDirPath = "";
			projectRoot = "";
			targets = (
				A2A39F9B1E353963001D3BA4 /* SwimWorkouts */,
				A2A39FAF1E353964001D3BA4 /* SwimWorkoutsTests */,
				A2A39FC31E353964001D3BA4 /* SwimWorkouts WatchKit App */,
				A2A39FD21E353964001D3BA4 /* SwimWorkouts WatchKit Extension */,
			);
		};
/* End PBXProject section */

/* Begin PBXResourcesBuildPhase section */
		A2A39F9A1E353963001D3BA4 /* Resources */ = {
			isa = PBXResourcesBuildPhase;
			buildActionMask = 2147483647;
			files = (
				A2A39FAA1E353964001D3BA4 /* LaunchScreen.storyboard in Resources */,
				A2A39FA71E353964001D3BA4 /* Assets.xcassets in Resources */,
				A2A39FA51E353964001D3BA4 /* Main.storyboard in Resources */,
			);
			runOnlyForDeploymentPostprocessing = 0;
		};
		A2A39FAE1E353964001D3BA4 /* Resources */ = {
			isa = PBXResourcesBuildPhase;
			buildActionMask = 2147483647;
			files = (
			);
			runOnlyForDeploymentPostprocessing = 0;
		};
		A2A39FC21E353964001D3BA4 /* Resources */ = {
			isa = PBXResourcesBuildPhase;
			buildActionMask = 2147483647;
			files = (
				A2A39FCD1E353964001D3BA4 /* Assets.xcassets in Resources */,
				A2A39FCB1E353964001D3BA4 /* Interface.storyboard in Resources */,
			);
			runOnlyForDeploymentPostprocessing = 0;
		};
		A2A39FD11E353964001D3BA4 /* Resources */ = {
			isa = PBXResourcesBuildPhase;
			buildActionMask = 2147483647;
			files = (
				A2A39FDD1E353964001D3BA4 /* Assets.xcassets in Resources */,
			);
			runOnlyForDeploymentPostprocessing = 0;
		};
/* End PBXResourcesBuildPhase section */

/* Begin PBXSourcesBuildPhase section */
		A2A39F981E353963001D3BA4 /* Sources */ = {
			isa = PBXSourcesBuildPhase;
			buildActionMask = 2147483647;
			files = (
				A2A39FA21E353964001D3BA4 /* ViewController.swift in Sources */,
				A22431FA1F80376E00C602D5 /* Repository.swift in Sources */,
				A2ABDE9B1F5A00120006349D /* BuiltInWorkouts.swift in Sources */,
				A22432011F803E2A00C602D5 /* ListCell.swift in Sources */,
				A2965A9E1F81376000FE574E /* ShowController.swift in Sources */,
				A27494701F93CADD002BFF21 /* ListRepository.swift in Sources */,
				A22E12071F93A80B00000747 /* CreateController.swift in Sources */,
				A2ABDE991F59FE0B0006349D /* Data.swift in Sources */,
				A2965AA01F897F3500FE574E /* SegmentCell.swift in Sources */,
				A2A39FA01E353964001D3BA4 /* AppDelegate.swift in Sources */,
				A22431FE1F803B5600C602D5 /* ListController.swift in Sources */,
			);
			runOnlyForDeploymentPostprocessing = 0;
		};
		A2A39FAC1E353964001D3BA4 /* Sources */ = {
			isa = PBXSourcesBuildPhase;
			buildActionMask = 2147483647;
			files = (
				A22431FC1F80381000C602D5 /* WorkoutRepositoryTest.swift in Sources */,
			);
			runOnlyForDeploymentPostprocessing = 0;
		};
		A2A39FCF1E353964001D3BA4 /* Sources */ = {
			isa = PBXSourcesBuildPhase;
			buildActionMask = 2147483647;
			files = (
				A2A39FDB1E353964001D3BA4 /* ExtensionDelegate.swift in Sources */,
				A22A9D9A1E356D7C00A72AAF /* SegmentController.swift in Sources */,
				A2ABDE9F1F5C73710006349D /* ShowWorkoutsControllerInterfaceController.swift in Sources */,
				A22A9D9F1E35BAA400A72AAF /* SegmentDetailController.swift in Sources */,
				A2886BD51F781CB3009E8BA0 /* WorkoutRepository.swift in Sources */,
				A2A39FD91E353964001D3BA4 /* WorkoutController.swift in Sources */,
				A2A39FF31E354BE7001D3BA4 /* Workout.swift in Sources */,
				A22A9D961E3563D600A72AAF /* WorkoutTableRowController.swift in Sources */,
				A22A9D981E35681700A72AAF /* RowControllers.swift in Sources */,
			);
			runOnlyForDeploymentPostprocessing = 0;
		};
/* End PBXSourcesBuildPhase section */

/* Begin PBXTargetDependency section */
		A2A39FB21E353964001D3BA4 /* PBXTargetDependency */ = {
			isa = PBXTargetDependency;
			target = A2A39F9B1E353963001D3BA4 /* SwimWorkouts */;
			targetProxy = A2A39FB11E353964001D3BA4 /* PBXContainerItemProxy */;
		};
		A2A39FC71E353964001D3BA4 /* PBXTargetDependency */ = {
			isa = PBXTargetDependency;
			target = A2A39FC31E353964001D3BA4 /* SwimWorkouts WatchKit App */;
			targetProxy = A2A39FC61E353964001D3BA4 /* PBXContainerItemProxy */;
		};
		A2A39FD61E353964001D3BA4 /* PBXTargetDependency */ = {
			isa = PBXTargetDependency;
			target = A2A39FD21E353964001D3BA4 /* SwimWorkouts WatchKit Extension */;
			targetProxy = A2A39FD51E353964001D3BA4 /* PBXContainerItemProxy */;
		};
/* End PBXTargetDependency section */

/* Begin PBXVariantGroup section */
		A2A39FA31E353964001D3BA4 /* Main.storyboard */ = {
			isa = PBXVariantGroup;
			children = (
				A2A39FA41E353964001D3BA4 /* Base */,
			);
			name = Main.storyboard;
			sourceTree = "<group>";
		};
		A2A39FA81E353964001D3BA4 /* LaunchScreen.storyboard */ = {
			isa = PBXVariantGroup;
			children = (
				A2A39FA91E353964001D3BA4 /* Base */,
			);
			name = LaunchScreen.storyboard;
			sourceTree = "<group>";
		};
		A2A39FC91E353964001D3BA4 /* Interface.storyboard */ = {
			isa = PBXVariantGroup;
			children = (
				A2A39FCA1E353964001D3BA4 /* Base */,
			);
			name = Interface.storyboard;
			sourceTree = "<group>";
		};
/* End PBXVariantGroup section */

/* Begin XCBuildConfiguration section */
		A2A39FDF1E353964001D3BA4 /* Debug */ = {
			isa = XCBuildConfiguration;
			buildSettings = {
				ALWAYS_SEARCH_USER_PATHS = NO;
				CLANG_ANALYZER_NONNULL = YES;
				CLANG_CXX_LANGUAGE_STANDARD = "gnu++0x";
				CLANG_CXX_LIBRARY = "libc++";
				CLANG_ENABLE_MODULES = YES;
				CLANG_ENABLE_OBJC_ARC = YES;
				CLANG_WARN_BLOCK_CAPTURE_AUTORELEASING = YES;
				CLANG_WARN_BOOL_CONVERSION = YES;
				CLANG_WARN_COMMA = YES;
				CLANG_WARN_CONSTANT_CONVERSION = YES;
				CLANG_WARN_DIRECT_OBJC_ISA_USAGE = YES_ERROR;
				CLANG_WARN_DOCUMENTATION_COMMENTS = YES;
				CLANG_WARN_EMPTY_BODY = YES;
				CLANG_WARN_ENUM_CONVERSION = YES;
				CLANG_WARN_INFINITE_RECURSION = YES;
				CLANG_WARN_INT_CONVERSION = YES;
				CLANG_WARN_NON_LITERAL_NULL_CONVERSION = YES;
				CLANG_WARN_OBJC_LITERAL_CONVERSION = YES;
				CLANG_WARN_OBJC_ROOT_CLASS = YES_ERROR;
				CLANG_WARN_RANGE_LOOP_ANALYSIS = YES;
				CLANG_WARN_STRICT_PROTOTYPES = YES;
				CLANG_WARN_SUSPICIOUS_MOVE = YES;
				CLANG_WARN_UNREACHABLE_CODE = YES;
				CLANG_WARN__DUPLICATE_METHOD_MATCH = YES;
				"CODE_SIGN_IDENTITY[sdk=iphoneos*]" = "iPhone Developer";
				COPY_PHASE_STRIP = NO;
				DEBUG_INFORMATION_FORMAT = dwarf;
				ENABLE_STRICT_OBJC_MSGSEND = YES;
				ENABLE_TESTABILITY = YES;
				GCC_C_LANGUAGE_STANDARD = gnu99;
				GCC_DYNAMIC_NO_PIC = NO;
				GCC_NO_COMMON_BLOCKS = YES;
				GCC_OPTIMIZATION_LEVEL = 0;
				GCC_PREPROCESSOR_DEFINITIONS = (
					"DEBUG=1",
					"$(inherited)",
				);
				GCC_WARN_64_TO_32_BIT_CONVERSION = YES;
				GCC_WARN_ABOUT_RETURN_TYPE = YES_ERROR;
				GCC_WARN_UNDECLARED_SELECTOR = YES;
				GCC_WARN_UNINITIALIZED_AUTOS = YES_AGGRESSIVE;
				GCC_WARN_UNUSED_FUNCTION = YES;
				GCC_WARN_UNUSED_VARIABLE = YES;
				IPHONEOS_DEPLOYMENT_TARGET = 11.0;
				MTL_ENABLE_DEBUG_INFO = YES;
				ONLY_ACTIVE_ARCH = YES;
				SDKROOT = iphoneos;
				SWIFT_ACTIVE_COMPILATION_CONDITIONS = DEBUG;
				SWIFT_OPTIMIZATION_LEVEL = "-Onone";
				TARGETED_DEVICE_FAMILY = "1,2";
			};
			name = Debug;
		};
		A2A39FE01E353964001D3BA4 /* Release */ = {
			isa = XCBuildConfiguration;
			buildSettings = {
				ALWAYS_SEARCH_USER_PATHS = NO;
				CLANG_ANALYZER_NONNULL = YES;
				CLANG_CXX_LANGUAGE_STANDARD = "gnu++0x";
				CLANG_CXX_LIBRARY = "libc++";
				CLANG_ENABLE_MODULES = YES;
				CLANG_ENABLE_OBJC_ARC = YES;
				CLANG_WARN_BLOCK_CAPTURE_AUTORELEASING = YES;
				CLANG_WARN_BOOL_CONVERSION = YES;
				CLANG_WARN_COMMA = YES;
				CLANG_WARN_CONSTANT_CONVERSION = YES;
				CLANG_WARN_DIRECT_OBJC_ISA_USAGE = YES_ERROR;
				CLANG_WARN_DOCUMENTATION_COMMENTS = YES;
				CLANG_WARN_EMPTY_BODY = YES;
				CLANG_WARN_ENUM_CONVERSION = YES;
				CLANG_WARN_INFINITE_RECURSION = YES;
				CLANG_WARN_INT_CONVERSION = YES;
				CLANG_WARN_NON_LITERAL_NULL_CONVERSION = YES;
				CLANG_WARN_OBJC_LITERAL_CONVERSION = YES;
				CLANG_WARN_OBJC_ROOT_CLASS = YES_ERROR;
				CLANG_WARN_RANGE_LOOP_ANALYSIS = YES;
				CLANG_WARN_STRICT_PROTOTYPES = YES;
				CLANG_WARN_SUSPICIOUS_MOVE = YES;
				CLANG_WARN_UNREACHABLE_CODE = YES;
				CLANG_WARN__DUPLICATE_METHOD_MATCH = YES;
				"CODE_SIGN_IDENTITY[sdk=iphoneos*]" = "iPhone Developer";
				COPY_PHASE_STRIP = NO;
				DEBUG_INFORMATION_FORMAT = "dwarf-with-dsym";
				ENABLE_NS_ASSERTIONS = NO;
				ENABLE_STRICT_OBJC_MSGSEND = YES;
				GCC_C_LANGUAGE_STANDARD = gnu99;
				GCC_NO_COMMON_BLOCKS = YES;
				GCC_WARN_64_TO_32_BIT_CONVERSION = YES;
				GCC_WARN_ABOUT_RETURN_TYPE = YES_ERROR;
				GCC_WARN_UNDECLARED_SELECTOR = YES;
				GCC_WARN_UNINITIALIZED_AUTOS = YES_AGGRESSIVE;
				GCC_WARN_UNUSED_FUNCTION = YES;
				GCC_WARN_UNUSED_VARIABLE = YES;
				IPHONEOS_DEPLOYMENT_TARGET = 11.0;
				MTL_ENABLE_DEBUG_INFO = NO;
				SDKROOT = iphoneos;
				SWIFT_OPTIMIZATION_LEVEL = "-Owholemodule";
				TARGETED_DEVICE_FAMILY = "1,2";
				VALIDATE_PRODUCT = YES;
			};
			name = Release;
		};
		A2A39FE21E353964001D3BA4 /* Debug */ = {
			isa = XCBuildConfiguration;
			buildSettings = {
				ASSETCATALOG_COMPILER_COMPLICATION_NAME = Complication;
				CODE_SIGN_ENTITLEMENTS = "SwimWorkouts WatchKit Extension/SwimWorkouts WatchKit Extension.entitlements";
				DEVELOPMENT_TEAM = 79KQTL9372;
				INFOPLIST_FILE = "SwimWorkouts WatchKit Extension/Info.plist";
				LD_RUNPATH_SEARCH_PATHS = "$(inherited) @executable_path/Frameworks @executable_path/../../Frameworks";
				PRODUCT_BUNDLE_IDENTIFIER = bradmoore.org.SwimWorkouts.watchkitapp.watchkitextension;
				PRODUCT_NAME = "${TARGET_NAME}";
				SDKROOT = watchos;
				SKIP_INSTALL = YES;
				SWIFT_SWIFT3_OBJC_INFERENCE = Off;
				SWIFT_VERSION = 4.0;
				TARGETED_DEVICE_FAMILY = 4;
				WATCHOS_DEPLOYMENT_TARGET = 3.2;
			};
			name = Debug;
		};
		A2A39FE31E353964001D3BA4 /* Release */ = {
			isa = XCBuildConfiguration;
			buildSettings = {
				ASSETCATALOG_COMPILER_COMPLICATION_NAME = Complication;
				CODE_SIGN_ENTITLEMENTS = "SwimWorkouts WatchKit Extension/SwimWorkouts WatchKit Extension.entitlements";
				DEVELOPMENT_TEAM = 79KQTL9372;
				INFOPLIST_FILE = "SwimWorkouts WatchKit Extension/Info.plist";
				LD_RUNPATH_SEARCH_PATHS = "$(inherited) @executable_path/Frameworks @executable_path/../../Frameworks";
				PRODUCT_BUNDLE_IDENTIFIER = bradmoore.org.SwimWorkouts.watchkitapp.watchkitextension;
				PRODUCT_NAME = "${TARGET_NAME}";
				SDKROOT = watchos;
				SKIP_INSTALL = YES;
				SWIFT_SWIFT3_OBJC_INFERENCE = Off;
				SWIFT_VERSION = 4.0;
				TARGETED_DEVICE_FAMILY = 4;
				WATCHOS_DEPLOYMENT_TARGET = 3.2;
			};
			name = Release;
		};
		A2A39FE61E353964001D3BA4 /* Debug */ = {
			isa = XCBuildConfiguration;
			buildSettings = {
				ALWAYS_EMBED_SWIFT_STANDARD_LIBRARIES = YES;
				ASSETCATALOG_COMPILER_APPICON_NAME = AppIcon;
				CODE_SIGN_ENTITLEMENTS = "SwimWorkouts WatchKit App/SwimWorkouts WatchKit App.entitlements";
				DEVELOPMENT_TEAM = 79KQTL9372;
				IBSC_MODULE = SwimWorkouts_WatchKit_Extension;
				INFOPLIST_FILE = "SwimWorkouts WatchKit App/Info.plist";
				PRODUCT_BUNDLE_IDENTIFIER = bradmoore.org.SwimWorkouts.watchkitapp;
				PRODUCT_NAME = "$(TARGET_NAME)";
				SDKROOT = watchos;
				SKIP_INSTALL = YES;
				SWIFT_SWIFT3_OBJC_INFERENCE = On;
				SWIFT_VERSION = 4.0;
				TARGETED_DEVICE_FAMILY = 4;
				WATCHOS_DEPLOYMENT_TARGET = 3.2;
			};
			name = Debug;
		};
		A2A39FE71E353964001D3BA4 /* Release */ = {
			isa = XCBuildConfiguration;
			buildSettings = {
				ALWAYS_EMBED_SWIFT_STANDARD_LIBRARIES = YES;
				ASSETCATALOG_COMPILER_APPICON_NAME = AppIcon;
				CODE_SIGN_ENTITLEMENTS = "SwimWorkouts WatchKit App/SwimWorkouts WatchKit App.entitlements";
				DEVELOPMENT_TEAM = 79KQTL9372;
				IBSC_MODULE = SwimWorkouts_WatchKit_Extension;
				INFOPLIST_FILE = "SwimWorkouts WatchKit App/Info.plist";
				PRODUCT_BUNDLE_IDENTIFIER = bradmoore.org.SwimWorkouts.watchkitapp;
				PRODUCT_NAME = "$(TARGET_NAME)";
				SDKROOT = watchos;
				SKIP_INSTALL = YES;
				SWIFT_SWIFT3_OBJC_INFERENCE = On;
				SWIFT_VERSION = 4.0;
				TARGETED_DEVICE_FAMILY = 4;
				WATCHOS_DEPLOYMENT_TARGET = 3.2;
			};
			name = Release;
		};
		A2A39FEA1E353964001D3BA4 /* Debug */ = {
			isa = XCBuildConfiguration;
			buildSettings = {
				ASSETCATALOG_COMPILER_APPICON_NAME = AppIcon;
				CODE_SIGN_ENTITLEMENTS = SwimWorkouts/SwimWorkouts.entitlements;
				DEVELOPMENT_TEAM = 79KQTL9372;
				INFOPLIST_FILE = SwimWorkouts/Info.plist;
				IPHONEOS_DEPLOYMENT_TARGET = 11.0;
				LD_RUNPATH_SEARCH_PATHS = "$(inherited) @executable_path/Frameworks";
				PRODUCT_BUNDLE_IDENTIFIER = bradmoore.org.SwimWorkouts;
				PRODUCT_NAME = "$(TARGET_NAME)";
				SWIFT_SWIFT3_OBJC_INFERENCE = Off;
				SWIFT_VERSION = 4.0;
				TARGETED_DEVICE_FAMILY = 1;
			};
			name = Debug;
		};
		A2A39FEB1E353964001D3BA4 /* Release */ = {
			isa = XCBuildConfiguration;
			buildSettings = {
				ASSETCATALOG_COMPILER_APPICON_NAME = AppIcon;
				CODE_SIGN_ENTITLEMENTS = SwimWorkouts/SwimWorkouts.entitlements;
				DEVELOPMENT_TEAM = 79KQTL9372;
				INFOPLIST_FILE = SwimWorkouts/Info.plist;
				IPHONEOS_DEPLOYMENT_TARGET = 11.0;
				LD_RUNPATH_SEARCH_PATHS = "$(inherited) @executable_path/Frameworks";
				PRODUCT_BUNDLE_IDENTIFIER = bradmoore.org.SwimWorkouts;
				PRODUCT_NAME = "$(TARGET_NAME)";
				SWIFT_SWIFT3_OBJC_INFERENCE = Off;
				SWIFT_VERSION = 4.0;
				TARGETED_DEVICE_FAMILY = 1;
			};
			name = Release;
		};
		A2A39FED1E353964001D3BA4 /* Debug */ = {
			isa = XCBuildConfiguration;
			buildSettings = {
				ALWAYS_EMBED_SWIFT_STANDARD_LIBRARIES = YES;
				BUNDLE_LOADER = "$(TEST_HOST)";
				DEVELOPMENT_TEAM = 79KQTL9372;
				INFOPLIST_FILE = SwimWorkoutsTests/Info.plist;
				LD_RUNPATH_SEARCH_PATHS = "$(inherited) @executable_path/Frameworks @loader_path/Frameworks";
				PRODUCT_BUNDLE_IDENTIFIER = bradmoore.org.SwimWorkoutsTests;
				PRODUCT_NAME = "$(TARGET_NAME)";
				SWIFT_VERSION = 4.0;
				TEST_HOST = "$(BUILT_PRODUCTS_DIR)/SwimWorkouts.app/SwimWorkouts";
			};
			name = Debug;
		};
		A2A39FEE1E353964001D3BA4 /* Release */ = {
			isa = XCBuildConfiguration;
			buildSettings = {
				ALWAYS_EMBED_SWIFT_STANDARD_LIBRARIES = YES;
				BUNDLE_LOADER = "$(TEST_HOST)";
				DEVELOPMENT_TEAM = 79KQTL9372;
				INFOPLIST_FILE = SwimWorkoutsTests/Info.plist;
				LD_RUNPATH_SEARCH_PATHS = "$(inherited) @executable_path/Frameworks @loader_path/Frameworks";
				PRODUCT_BUNDLE_IDENTIFIER = bradmoore.org.SwimWorkoutsTests;
				PRODUCT_NAME = "$(TARGET_NAME)";
				SWIFT_VERSION = 4.0;
				TEST_HOST = "$(BUILT_PRODUCTS_DIR)/SwimWorkouts.app/SwimWorkouts";
			};
			name = Release;
		};
/* End XCBuildConfiguration section */

/* Begin XCConfigurationList section */
		A2A39F971E353963001D3BA4 /* Build configuration list for PBXProject "SwimWorkouts" */ = {
			isa = XCConfigurationList;
			buildConfigurations = (
				A2A39FDF1E353964001D3BA4 /* Debug */,
				A2A39FE01E353964001D3BA4 /* Release */,
			);
			defaultConfigurationIsVisible = 0;
			defaultConfigurationName = Release;
		};
		A2A39FE11E353964001D3BA4 /* Build configuration list for PBXNativeTarget "SwimWorkouts WatchKit Extension" */ = {
			isa = XCConfigurationList;
			buildConfigurations = (
				A2A39FE21E353964001D3BA4 /* Debug */,
				A2A39FE31E353964001D3BA4 /* Release */,
			);
			defaultConfigurationIsVisible = 0;
			defaultConfigurationName = Release;
		};
		A2A39FE51E353964001D3BA4 /* Build configuration list for PBXNativeTarget "SwimWorkouts WatchKit App" */ = {
			isa = XCConfigurationList;
			buildConfigurations = (
				A2A39FE61E353964001D3BA4 /* Debug */,
				A2A39FE71E353964001D3BA4 /* Release */,
			);
			defaultConfigurationIsVisible = 0;
			defaultConfigurationName = Release;
		};
		A2A39FE91E353964001D3BA4 /* Build configuration list for PBXNativeTarget "SwimWorkouts" */ = {
			isa = XCConfigurationList;
			buildConfigurations = (
				A2A39FEA1E353964001D3BA4 /* Debug */,
				A2A39FEB1E353964001D3BA4 /* Release */,
			);
			defaultConfigurationIsVisible = 0;
			defaultConfigurationName = Release;
		};
		A2A39FEC1E353964001D3BA4 /* Build configuration list for PBXNativeTarget "SwimWorkoutsTests" */ = {
			isa = XCConfigurationList;
			buildConfigurations = (
				A2A39FED1E353964001D3BA4 /* Debug */,
				A2A39FEE1E353964001D3BA4 /* Release */,
			);
			defaultConfigurationIsVisible = 0;
			defaultConfigurationName = Release;
		};
/* End XCConfigurationList section */
	};
	rootObject = A2A39F941E353963001D3BA4 /* Project object */;
}
